
Microsoft Visual Studio Solution File, Format Version 12.00
# Visual Studio Version 17
VisualStudioVersion = 17.11.35303.130
MinimumVisualStudioVersion = 10.0.40219.1
Project("{2150E333-8FDC-42A3-9474-1A3956D46DE8}") = "Task0", "Task0", "{452EA49C-41E4-4142-BCAE-A06D03D0050D}"
EndProject
Project("{9A19103F-16F7-4668-BE54-9A1E7A4F7556}") = "Tyuiu.RotachAO.Sprint0.Task0.V0", "Tyuiu.RotachAO.Sprint0.Task0.V0\Tyuiu.RotachAO.Sprint0.Task0.V0.csproj", "{106EB4C7-E092-4FDD-9A7D-6657DD2D682C}"
EndProject
Project("{2150E333-8FDC-42A3-9474-1A3956D46DE8}") = "Task1", "Task1", "{B54CAA32-9136-4BCF-8D3A-7D02F2308002}"
EndProject
Project("{9A19103F-16F7-4668-BE54-9A1E7A4F7556}") = "Tyuiu.RotachAO.Sprint0.Task1.V0", "Tyuiu.RotachAO.Sprint0.Task1.v0\Tyuiu.RotachAO.Sprint0.Task1.V0.csproj", "{76D125B9-30B2-40C9-9656-112241E733A4}"
EndProject
Project("{2150E333-8FDC-42A3-9474-1A3956D46DE8}") = "Task2", "Task2", "{8C199471-4D1D-480E-9CE0-8C5F696EEB55}"
EndProject
Project("{FAE04EC0-301F-11D3-BF4B-00C04F79EFBC}") = "Tyuiu.RotachAO.Sprint0.Task2.V0", "Tyuiu.RotachAO.Sprint0.Task2.V0\Tyuiu.RotachAO.Sprint0.Task2.V0.csproj", "{CEC64BEC-BC8E-4994-9552-E0F10BE88A94}"
EndProject
Project("{FAE04EC0-301F-11D3-BF4B-00C04F79EFBC}") = "Tyuiu.RotachAO.Sprint0.Task2.V0.Lib", "Tyuiu.RotachAO.Sprint0.Task2.V0.Lib\Tyuiu.RotachAO.Sprint0.Task2.V0.Lib.csproj", "{069670B7-3388-4A6C-91BE-7CD40D96BDDF}"
EndProject
Project("{FAE04EC0-301F-11D3-BF4B-00C04F79EFBC}") = "Tyuiu.RotachAO.Sprint0.Task2.V0.Test", "Tyuiu.RotachAO.Sprint0.Task2.V0.Test\Tyuiu.RotachAO.Sprint0.Task2.V0.Test.csproj", "{31F8B66F-AAB6-42BE-B45D-718A58CCF8A7}"
EndProject
Project("{2150E333-8FDC-42A3-9474-1A3956D46DE8}") = "Task3", "Task3", "{EDBF2F5C-8DF4-4C58-A87B-726FF8350A06}"
EndProject
Project("{FAE04EC0-301F-11D3-BF4B-00C04F79EFBC}") = "Tyuiu.RotachAO.Sprint0.Task3.V0.Test", "Tyuiu.RotachAO.Sprint0.Task3.V0.Test\Tyuiu.RotachAO.Sprint0.Task3.V0.Test.csproj", "{6A92347E-26C9-440F-8C0E-853979DBDF21}"
EndProject
Project("{FAE04EC0-301F-11D3-BF4B-00C04F79EFBC}") = "Tyuiu.RotachAO.Sprint0.Task3.V0.Lib", "Tyuiu.RotachAO.Sprint0.Task3.V0.Lib\Tyuiu.RotachAO.Sprint0.Task3.V0.Lib.csproj", "{B5AB8FA9-DB8A-4092-9F27-EE9FA1CF60BE}"
EndProject
Project("{FAE04EC0-301F-11D3-BF4B-00C04F79EFBC}") = "Tyuiu.RotachAO.Sprint0.Task3.V0", "Tyuiu.RotachAO.Sprint0.Task3.V0\Tyuiu.RotachAO.Sprint0.Task3.V0.csproj", "{C9FCA2FC-37D2-4B93-8A03-6B2587A877C5}"
EndProject
Project("{2150E333-8FDC-42A3-9474-1A3956D46DE8}") = "Task4", "Task4", "{6B3CAF69-8A6C-4967-AB8C-2F900ECA06EC}"
EndProject
Project("{9A19103F-16F7-4668-BE54-9A1E7A4F7556}") = "Tyuiu.RotachAO.Sprint0.Task4.V0", "Tyuiu.RotachAO.Sprint0.V0.Task4\Tyuiu.RotachAO.Sprint0.Task4.V0.csproj", "{EDB91BD1-EC49-4880-AD17-BB722C2A9BDE}"
EndProject
Project("{9A19103F-16F7-4668-BE54-9A1E7A4F7556}") = "Tyuiu.RotachAO.Sprint0.Task4.V0.Test", "Tyuiu.RotachAO.Sprint0.Task4.V0.Test\Tyuiu.RotachAO.Sprint0.Task4.V0.Test.csproj", "{2ED2AFB1-A716-4478-988A-351284EDAD2A}"
EndProject
Project("{9A19103F-16F7-4668-BE54-9A1E7A4F7556}") = "Tyuiu.RotachAO.Sprint0.Task4.V0.Lib", "Tyuiu.RotachAO.Sprint0.Task4.V0.Lib\Tyuiu.RotachAO.Sprint0.Task4.V0.Lib.csproj", "{9E70A94A-BDAD-4377-941D-0D85102F5C8B}"
EndProject
Project("{2150E333-8FDC-42A3-9474-1A3956D46DE8}") = "Task5", "Task5", "{1EBF18A5-EC91-4D60-90D8-63520DFBC14C}"
EndProject
Project("{9A19103F-16F7-4668-BE54-9A1E7A4F7556}") = "Tyuiu.RotachAO.Sprint0.Task5.V0.Lib", "Tyuiu.RotachAO.Sprint0.Task5.V0.Lib\Tyuiu.RotachAO.Sprint0.Task5.V0.Lib.csproj", "{94EE6164-4C2C-4A6B-AF12-1ABC923FB6C2}"
EndProject
Project("{9A19103F-16F7-4668-BE54-9A1E7A4F7556}") = "Tyuiu.RotachAO.Sprint0.Task5.V0", "Tyuiu.RotachAO.Sprint0.Task5.V0\Tyuiu.RotachAO.Sprint0.Task5.V0.csproj", "{9EAAC1E1-37EA-4327-B754-9CE6060C12C9}"
EndProject
Project("{9A19103F-16F7-4668-BE54-9A1E7A4F7556}") = "Tyuiu.RotachAO.Sprint0.Task5.V0.Test", "Tyuiu.RotachAO.Sprint0.Task5.V0.Test\Tyuiu.RotachAO.Sprint0.Task5.V0.Test.csproj", "{47B183BA-0F9E-4EC0-AE1A-1B098E601C42}"
EndProject
Project("{2150E333-8FDC-42A3-9474-1A3956D46DE8}") = "Task6", "Task6", "{4941CB63-2CAD-43C3-950C-10BACA7C5B61}"
EndProject
Project("{FAE04EC0-301F-11D3-BF4B-00C04F79EFBC}") = "Tyuiu.RotachAO.Sprint0.Task6.V0", "Tyuiu.RotachAO.Sprint0.Task6.V0\Tyuiu.RotachAO.Sprint0.Task6.V0.csproj", "{C3321276-BAFA-4CCC-8AEC-7083D07FB990}"
EndProject
Project("{FAE04EC0-301F-11D3-BF4B-00C04F79EFBC}") = "Tyuiu.RotachAO.Sprint0.Task6.V0.Lib", "Tyuiu.RotachAO.Sprint0.Task6.V0.Lib\Tyuiu.RotachAO.Sprint0.Task6.V0.Lib.csproj", "{EDDD8E28-8B17-4A3E-A7A4-1748C1DBD8A6}"
EndProject
Project("{FAE04EC0-301F-11D3-BF4B-00C04F79EFBC}") = "Tyuiu.RotachAO.Sprint0.Task6.V0.Test", "Tyuiu.RotachAO.Sprint0.Task6.V0.Test\Tyuiu.RotachAO.Sprint0.Task6.V0.Test.csproj", "{7F106BBC-9DCC-4DFF-B419-5040B09A4340}"
EndProject
Project("{2150E333-8FDC-42A3-9474-1A3956D46DE8}") = "Task7", "Task7", "{856D8973-035E-46D1-89DB-A97793FA1C83}"
EndProject
Project("{FAE04EC0-301F-11D3-BF4B-00C04F79EFBC}") = "Tyuiu.RotachAO.Sprint0.Task7.V0", "Tyuiu.RotachAO.Sprint0.Task7.V0\Tyuiu.RotachAO.Sprint0.Task7.V0.csproj", "{74B72C79-1C13-4135-8CD8-B8CC6DDBF4BF}"
EndProject
Project("{FAE04EC0-301F-11D3-BF4B-00C04F79EFBC}") = "Tyuiu.RotachAO.Sprint0.Task7.V0.Lib", "Tyuiu.RotachAO.Sprint0.Task7.V0.Lib\Tyuiu.RotachAO.Sprint0.Task7.V0.Lib.csproj", "{94FC5FBA-8477-45EC-8885-2828C900542D}"
EndProject
Project("{FAE04EC0-301F-11D3-BF4B-00C04F79EFBC}") = "Tyuiu.RotachAO.Sprint0.Task7.V0.Test", "Tyuiu.RotachAO.Sprint0.Task7.V0.Test\Tyuiu.RotachAO.Sprint0.Task7.V0.Test.csproj", "{895AA9E1-79C7-4917-A47B-49566CF534F2}"
EndProject
Global
	GlobalSection(SolutionConfigurationPlatforms) = preSolution
		Debug|Any CPU = Debug|Any CPU
		Release|Any CPU = Release|Any CPU
	EndGlobalSection
	GlobalSection(ProjectConfigurationPlatforms) = postSolution
		{106EB4C7-E092-4FDD-9A7D-6657DD2D682C}.Debug|Any CPU.ActiveCfg = Debug|Any CPU
		{106EB4C7-E092-4FDD-9A7D-6657DD2D682C}.Debug|Any CPU.Build.0 = Debug|Any CPU
		{106EB4C7-E092-4FDD-9A7D-6657DD2D682C}.Release|Any CPU.ActiveCfg = Release|Any CPU
		{106EB4C7-E092-4FDD-9A7D-6657DD2D682C}.Release|Any CPU.Build.0 = Release|Any CPU
		{76D125B9-30B2-40C9-9656-112241E733A4}.Debug|Any CPU.ActiveCfg = Debug|Any CPU
		{76D125B9-30B2-40C9-9656-112241E733A4}.Debug|Any CPU.Build.0 = Debug|Any CPU
		{76D125B9-30B2-40C9-9656-112241E733A4}.Release|Any CPU.ActiveCfg = Release|Any CPU
		{76D125B9-30B2-40C9-9656-112241E733A4}.Release|Any CPU.Build.0 = Release|Any CPU
		{CEC64BEC-BC8E-4994-9552-E0F10BE88A94}.Debug|Any CPU.ActiveCfg = Debug|Any CPU
		{CEC64BEC-BC8E-4994-9552-E0F10BE88A94}.Debug|Any CPU.Build.0 = Debug|Any CPU
		{CEC64BEC-BC8E-4994-9552-E0F10BE88A94}.Release|Any CPU.ActiveCfg = Release|Any CPU
		{CEC64BEC-BC8E-4994-9552-E0F10BE88A94}.Release|Any CPU.Build.0 = Release|Any CPU
		{069670B7-3388-4A6C-91BE-7CD40D96BDDF}.Debug|Any CPU.ActiveCfg = Debug|Any CPU
		{069670B7-3388-4A6C-91BE-7CD40D96BDDF}.Debug|Any CPU.Build.0 = Debug|Any CPU
		{069670B7-3388-4A6C-91BE-7CD40D96BDDF}.Release|Any CPU.ActiveCfg = Release|Any CPU
		{069670B7-3388-4A6C-91BE-7CD40D96BDDF}.Release|Any CPU.Build.0 = Release|Any CPU
		{31F8B66F-AAB6-42BE-B45D-718A58CCF8A7}.Debug|Any CPU.ActiveCfg = Debug|Any CPU
		{31F8B66F-AAB6-42BE-B45D-718A58CCF8A7}.Debug|Any CPU.Build.0 = Debug|Any CPU
		{31F8B66F-AAB6-42BE-B45D-718A58CCF8A7}.Release|Any CPU.ActiveCfg = Release|Any CPU
		{31F8B66F-AAB6-42BE-B45D-718A58CCF8A7}.Release|Any CPU.Build.0 = Release|Any CPU
		{6A92347E-26C9-440F-8C0E-853979DBDF21}.Debug|Any CPU.ActiveCfg = Debug|Any CPU
		{6A92347E-26C9-440F-8C0E-853979DBDF21}.Debug|Any CPU.Build.0 = Debug|Any CPU
		{6A92347E-26C9-440F-8C0E-853979DBDF21}.Release|Any CPU.ActiveCfg = Release|Any CPU
		{6A92347E-26C9-440F-8C0E-853979DBDF21}.Release|Any CPU.Build.0 = Release|Any CPU
		{B5AB8FA9-DB8A-4092-9F27-EE9FA1CF60BE}.Debug|Any CPU.ActiveCfg = Debug|Any CPU
		{B5AB8FA9-DB8A-4092-9F27-EE9FA1CF60BE}.Debug|Any CPU.Build.0 = Debug|Any CPU
		{B5AB8FA9-DB8A-4092-9F27-EE9FA1CF60BE}.Release|Any CPU.ActiveCfg = Release|Any CPU
		{B5AB8FA9-DB8A-4092-9F27-EE9FA1CF60BE}.Release|Any CPU.Build.0 = Release|Any CPU
		{C9FCA2FC-37D2-4B93-8A03-6B2587A877C5}.Debug|Any CPU.ActiveCfg = Debug|Any CPU
		{C9FCA2FC-37D2-4B93-8A03-6B2587A877C5}.Debug|Any CPU.Build.0 = Debug|Any CPU
		{C9FCA2FC-37D2-4B93-8A03-6B2587A877C5}.Release|Any CPU.ActiveCfg = Release|Any CPU
		{C9FCA2FC-37D2-4B93-8A03-6B2587A877C5}.Release|Any CPU.Build.0 = Release|Any CPU
		{EDB91BD1-EC49-4880-AD17-BB722C2A9BDE}.Debug|Any CPU.ActiveCfg = Debug|Any CPU
		{EDB91BD1-EC49-4880-AD17-BB722C2A9BDE}.Debug|Any CPU.Build.0 = Debug|Any CPU
		{EDB91BD1-EC49-4880-AD17-BB722C2A9BDE}.Release|Any CPU.ActiveCfg = Release|Any CPU
		{EDB91BD1-EC49-4880-AD17-BB722C2A9BDE}.Release|Any CPU.Build.0 = Release|Any CPU
		{2ED2AFB1-A716-4478-988A-351284EDAD2A}.Debug|Any CPU.ActiveCfg = Debug|Any CPU
		{2ED2AFB1-A716-4478-988A-351284EDAD2A}.Debug|Any CPU.Build.0 = Debug|Any CPU
		{2ED2AFB1-A716-4478-988A-351284EDAD2A}.Release|Any CPU.ActiveCfg = Release|Any CPU
		{2ED2AFB1-A716-4478-988A-351284EDAD2A}.Release|Any CPU.Build.0 = Release|Any CPU
		{9E70A94A-BDAD-4377-941D-0D85102F5C8B}.Debug|Any CPU.ActiveCfg = Debug|Any CPU
		{9E70A94A-BDAD-4377-941D-0D85102F5C8B}.Debug|Any CPU.Build.0 = Debug|Any CPU
		{9E70A94A-BDAD-4377-941D-0D85102F5C8B}.Release|Any CPU.ActiveCfg = Release|Any CPU
		{9E70A94A-BDAD-4377-941D-0D85102F5C8B}.Release|Any CPU.Build.0 = Release|Any CPU
		{94EE6164-4C2C-4A6B-AF12-1ABC923FB6C2}.Debug|Any CPU.ActiveCfg = Debug|Any CPU
		{94EE6164-4C2C-4A6B-AF12-1ABC923FB6C2}.Debug|Any CPU.Build.0 = Debug|Any CPU
		{94EE6164-4C2C-4A6B-AF12-1ABC923FB6C2}.Release|Any CPU.ActiveCfg = Release|Any CPU
		{94EE6164-4C2C-4A6B-AF12-1ABC923FB6C2}.Release|Any CPU.Build.0 = Release|Any CPU
		{9EAAC1E1-37EA-4327-B754-9CE6060C12C9}.Debug|Any CPU.ActiveCfg = Debug|Any CPU
		{9EAAC1E1-37EA-4327-B754-9CE6060C12C9}.Debug|Any CPU.Build.0 = Debug|Any CPU
		{9EAAC1E1-37EA-4327-B754-9CE6060C12C9}.Release|Any CPU.ActiveCfg = Release|Any CPU
		{9EAAC1E1-37EA-4327-B754-9CE6060C12C9}.Release|Any CPU.Build.0 = Release|Any CPU
		{47B183BA-0F9E-4EC0-AE1A-1B098E601C42}.Debug|Any CPU.ActiveCfg = Debug|Any CPU
		{47B183BA-0F9E-4EC0-AE1A-1B098E601C42}.Debug|Any CPU.Build.0 = Debug|Any CPU
		{47B183BA-0F9E-4EC0-AE1A-1B098E601C42}.Release|Any CPU.ActiveCfg = Release|Any CPU
		{47B183BA-0F9E-4EC0-AE1A-1B098E601C42}.Release|Any CPU.Build.0 = Release|Any CPU
		{C3321276-BAFA-4CCC-8AEC-7083D07FB990}.Debug|Any CPU.ActiveCfg = Debug|Any CPU
		{C3321276-BAFA-4CCC-8AEC-7083D07FB990}.Debug|Any CPU.Build.0 = Debug|Any CPU
		{C3321276-BAFA-4CCC-8AEC-7083D07FB990}.Release|Any CPU.ActiveCfg = Release|Any CPU
		{C3321276-BAFA-4CCC-8AEC-7083D07FB990}.Release|Any CPU.Build.0 = Release|Any CPU
		{EDDD8E28-8B17-4A3E-A7A4-1748C1DBD8A6}.Debug|Any CPU.ActiveCfg = Debug|Any CPU
		{EDDD8E28-8B17-4A3E-A7A4-1748C1DBD8A6}.Debug|Any CPU.Build.0 = Debug|Any CPU
		{EDDD8E28-8B17-4A3E-A7A4-1748C1DBD8A6}.Release|Any CPU.ActiveCfg = Release|Any CPU
		{EDDD8E28-8B17-4A3E-A7A4-1748C1DBD8A6}.Release|Any CPU.Build.0 = Release|Any CPU
		{7F106BBC-9DCC-4DFF-B419-5040B09A4340}.Debug|Any CPU.ActiveCfg = Debug|Any CPU
		{7F106BBC-9DCC-4DFF-B419-5040B09A4340}.Debug|Any CPU.Build.0 = Debug|Any CPU
		{7F106BBC-9DCC-4DFF-B419-5040B09A4340}.Release|Any CPU.ActiveCfg = Release|Any CPU
		{7F106BBC-9DCC-4DFF-B419-5040B09A4340}.Release|Any CPU.Build.0 = Release|Any CPU
		{74B72C79-1C13-4135-8CD8-B8CC6DDBF4BF}.Debug|Any CPU.ActiveCfg = Debug|Any CPU
		{74B72C79-1C13-4135-8CD8-B8CC6DDBF4BF}.Debug|Any CPU.Build.0 = Debug|Any CPU
		{74B72C79-1C13-4135-8CD8-B8CC6DDBF4BF}.Release|Any CPU.ActiveCfg = Release|Any CPU
		{74B72C79-1C13-4135-8CD8-B8CC6DDBF4BF}.Release|Any CPU.Build.0 = Release|Any CPU
		{94FC5FBA-8477-45EC-8885-2828C900542D}.Debug|Any CPU.ActiveCfg = Debug|Any CPU
		{94FC5FBA-8477-45EC-8885-2828C900542D}.Debug|Any CPU.Build.0 = Debug|Any CPU
		{94FC5FBA-8477-45EC-8885-2828C900542D}.Release|Any CPU.ActiveCfg = Release|Any CPU
		{94FC5FBA-8477-45EC-8885-2828C900542D}.Release|Any CPU.Build.0 = Release|Any CPU
		{895AA9E1-79C7-4917-A47B-49566CF534F2}.Debug|Any CPU.ActiveCfg = Debug|Any CPU
		{895AA9E1-79C7-4917-A47B-49566CF534F2}.Debug|Any CPU.Build.0 = Debug|Any CPU
		{895AA9E1-79C7-4917-A47B-49566CF534F2}.Release|Any CPU.ActiveCfg = Release|Any CPU
		{895AA9E1-79C7-4917-A47B-49566CF534F2}.Release|Any CPU.Build.0 = Release|Any CPU
	EndGlobalSection
	GlobalSection(SolutionProperties) = preSolution
		HideSolutionNode = FALSE
	EndGlobalSection
	GlobalSection(NestedProjects) = preSolution
		{106EB4C7-E092-4FDD-9A7D-6657DD2D682C} = {452EA49C-41E4-4142-BCAE-A06D03D0050D}
		{76D125B9-30B2-40C9-9656-112241E733A4} = {B54CAA32-9136-4BCF-8D3A-7D02F2308002}
		{CEC64BEC-BC8E-4994-9552-E0F10BE88A94} = {8C199471-4D1D-480E-9CE0-8C5F696EEB55}
		{069670B7-3388-4A6C-91BE-7CD40D96BDDF} = {8C199471-4D1D-480E-9CE0-8C5F696EEB55}
		{31F8B66F-AAB6-42BE-B45D-718A58CCF8A7} = {8C199471-4D1D-480E-9CE0-8C5F696EEB55}
		{6A92347E-26C9-440F-8C0E-853979DBDF21} = {EDBF2F5C-8DF4-4C58-A87B-726FF8350A06}
		{B5AB8FA9-DB8A-4092-9F27-EE9FA1CF60BE} = {EDBF2F5C-8DF4-4C58-A87B-726FF8350A06}
		{C9FCA2FC-37D2-4B93-8A03-6B2587A877C5} = {EDBF2F5C-8DF4-4C58-A87B-726FF8350A06}
		{EDB91BD1-EC49-4880-AD17-BB722C2A9BDE} = {6B3CAF69-8A6C-4967-AB8C-2F900ECA06EC}
		{2ED2AFB1-A716-4478-988A-351284EDAD2A} = {6B3CAF69-8A6C-4967-AB8C-2F900ECA06EC}
		{9E70A94A-BDAD-4377-941D-0D85102F5C8B} = {6B3CAF69-8A6C-4967-AB8C-2F900ECA06EC}
		{94EE6164-4C2C-4A6B-AF12-1ABC923FB6C2} = {1EBF18A5-EC91-4D60-90D8-63520DFBC14C}
		{9EAAC1E1-37EA-4327-B754-9CE6060C12C9} = {1EBF18A5-EC91-4D60-90D8-63520DFBC14C}
		{47B183BA-0F9E-4EC0-AE1A-1B098E601C42} = {1EBF18A5-EC91-4D60-90D8-63520DFBC14C}
		{C3321276-BAFA-4CCC-8AEC-7083D07FB990} = {4941CB63-2CAD-43C3-950C-10BACA7C5B61}
		{EDDD8E28-8B17-4A3E-A7A4-1748C1DBD8A6} = {4941CB63-2CAD-43C3-950C-10BACA7C5B61}
		{7F106BBC-9DCC-4DFF-B419-5040B09A4340} = {4941CB63-2CAD-43C3-950C-10BACA7C5B61}
		{74B72C79-1C13-4135-8CD8-B8CC6DDBF4BF} = {856D8973-035E-46D1-89DB-A97793FA1C83}
		{94FC5FBA-8477-45EC-8885-2828C900542D} = {856D8973-035E-46D1-89DB-A97793FA1C83}
		{895AA9E1-79C7-4917-A47B-49566CF534F2} = {856D8973-035E-46D1-89DB-A97793FA1C83}
	EndGlobalSection
	GlobalSection(ExtensibilityGlobals) = postSolution
		SolutionGuid = {8F246749-6345-42B9-BB68-0779D6C7D298}
	EndGlobalSection
EndGlobal
