
Microsoft Visual Studio Solution File, Format Version 12.00
# Visual Studio Version 17
VisualStudioVersion = 17.11.35303.130
MinimumVisualStudioVersion = 10.0.40219.1
Project("{2150E333-8FDC-42A3-9474-1A3956D46DE8}") = "Task0", "Task0", "{452EA49C-41E4-4142-BCAE-A06D03D0050D}"
EndProject
Project("{FAE04EC0-301F-11D3-BF4B-00C04F79EFBC}") = "Tyuiu.RotachAO.Sprint0.Task0.V0", "Tyuiu.RotachAO.Sprint0.Task0.V0\Tyuiu.RotachAO.Sprint0.Task0.V0.csproj", "{106EB4C7-E092-4FDD-9A7D-6657DD2D682C}"
EndProject
Global
	GlobalSection(SolutionConfigurationPlatforms) = preSolution
		Debug|Any CPU = Debug|Any CPU
		Release|Any CPU = Release|Any CPU
	EndGlobalSection
	GlobalSection(ProjectConfigurationPlatforms) = postSolution
		{106EB4C7-E092-4FDD-9A7D-6657DD2D682C}.Debug|Any CPU.ActiveCfg = Debug|Any CPU
		{106EB4C7-E092-4FDD-9A7D-6657DD2D682C}.Debug|Any CPU.Build.0 = Debug|Any CPU
		{106EB4C7-E092-4FDD-9A7D-6657DD2D682C}.Release|Any CPU.ActiveCfg = Release|Any CPU
		{106EB4C7-E092-4FDD-9A7D-6657DD2D682C}.Release|Any CPU.Build.0 = Release|Any CPU
	EndGlobalSection
	GlobalSection(SolutionProperties) = preSolution
		HideSolutionNode = FALSE
	EndGlobalSection
	GlobalSection(NestedProjects) = preSolution
		{106EB4C7-E092-4FDD-9A7D-6657DD2D682C} = {452EA49C-41E4-4142-BCAE-A06D03D0050D}
	EndGlobalSection
	GlobalSection(ExtensibilityGlobals) = postSolution
		SolutionGuid = {8F246749-6345-42B9-BB68-0779D6C7D298}
	EndGlobalSection
EndGlobal
