
Microsoft Visual Studio Solution File, Format Version 12.00
# Visual Studio Version 17
VisualStudioVersion = 17.11.35303.130
MinimumVisualStudioVersion = 10.0.40219.1
Project("{2150E333-8FDC-42A3-9474-1A3956D46DE8}") = "Task0", "Task0", "{452EA49C-41E4-4142-BCAE-A06D03D0050D}"
EndProject
Project("{9A19103F-16F7-4668-BE54-9A1E7A4F7556}") = "Tyuiu.RotachAO.Sprint0.Task0.V0", "Tyuiu.RotachAO.Sprint0.Task0.V0\Tyuiu.RotachAO.Sprint0.Task0.V0.csproj", "{106EB4C7-E092-4FDD-9A7D-6657DD2D682C}"
EndProject
Project("{2150E333-8FDC-42A3-9474-1A3956D46DE8}") = "Task1", "Task1", "{B54CAA32-9136-4BCF-8D3A-7D02F2308002}"
EndProject
Project("{9A19103F-16F7-4668-BE54-9A1E7A4F7556}") = "Tyuiu.RotachAO.Sprint0.Task1.V0", "Tyuiu.RotachAO.Sprint0.Task1.v0\Tyuiu.RotachAO.Sprint0.Task1.V0.csproj", "{76D125B9-30B2-40C9-9656-112241E733A4}"
EndProject
Project("{2150E333-8FDC-42A3-9474-1A3956D46DE8}") = "Task2", "Task2", "{8C199471-4D1D-480E-9CE0-8C5F696EEB55}"
EndProject
Project("{FAE04EC0-301F-11D3-BF4B-00C04F79EFBC}") = "Tyuiu.RotachAO.Sprint0.Task2.V0", "Tyuiu.RotachAO.Sprint0.Task2.V0\Tyuiu.RotachAO.Sprint0.Task2.V0.csproj", "{CEC64BEC-BC8E-4994-9552-E0F10BE88A94}"
EndProject
Project("{FAE04EC0-301F-11D3-BF4B-00C04F79EFBC}") = "Tyuiu.RotachAO.Sprint0.Task2.V0.Lib", "Tyuiu.RotachAO.Sprint0.Task2.V0.Lib\Tyuiu.RotachAO.Sprint0.Task2.V0.Lib.csproj", "{069670B7-3388-4A6C-91BE-7CD40D96BDDF}"
EndProject
Project("{FAE04EC0-301F-11D3-BF4B-00C04F79EFBC}") = "Tyuiu.RotachAO.Sprint0.Task2.V0.Test", "Tyuiu.RotachAO.Sprint0.Task2.V0.Test\Tyuiu.RotachAO.Sprint0.Task2.V0.Test.csproj", "{31F8B66F-AAB6-42BE-B45D-718A58CCF8A7}"
EndProject
Project("{2150E333-8FDC-42A3-9474-1A3956D46DE8}") = "Task3", "Task3", "{EDBF2F5C-8DF4-4C58-A87B-726FF8350A06}"
EndProject
Project("{FAE04EC0-301F-11D3-BF4B-00C04F79EFBC}") = "Tyuiu.RotachAO.Sprint0.Task3.V0.Test", "Tyuiu.RotachAO.Sprint0.Task3.V0.Test\Tyuiu.RotachAO.Sprint0.Task3.V0.Test.csproj", "{6A92347E-26C9-440F-8C0E-853979DBDF21}"
EndProject
Project("{FAE04EC0-301F-11D3-BF4B-00C04F79EFBC}") = "Tyuiu.RotachAO.Sprint0.Task3.V0.Lib", "Tyuiu.RotachAO.Sprint0.Task3.V0.Lib\Tyuiu.RotachAO.Sprint0.Task3.V0.Lib.csproj", "{B5AB8FA9-DB8A-4092-9F27-EE9FA1CF60BE}"
EndProject
Project("{FAE04EC0-301F-11D3-BF4B-00C04F79EFBC}") = "Tyuiu.RotachAO.Sprint0.Task3.V0", "Tyuiu.RotachAO.Sprint0.Task3.V0\Tyuiu.RotachAO.Sprint0.Task3.V0.csproj", "{C9FCA2FC-37D2-4B93-8A03-6B2587A877C5}"
EndProject
Global
	GlobalSection(SolutionConfigurationPlatforms) = preSolution
		Debug|Any CPU = Debug|Any CPU
		Release|Any CPU = Release|Any CPU
	EndGlobalSection
	GlobalSection(ProjectConfigurationPlatforms) = postSolution
		{106EB4C7-E092-4FDD-9A7D-6657DD2D682C}.Debug|Any CPU.ActiveCfg = Debug|Any CPU
		{106EB4C7-E092-4FDD-9A7D-6657DD2D682C}.Debug|Any CPU.Build.0 = Debug|Any CPU
		{106EB4C7-E092-4FDD-9A7D-6657DD2D682C}.Release|Any CPU.ActiveCfg = Release|Any CPU
		{106EB4C7-E092-4FDD-9A7D-6657DD2D682C}.Release|Any CPU.Build.0 = Release|Any CPU
		{76D125B9-30B2-40C9-9656-112241E733A4}.Debug|Any CPU.ActiveCfg = Debug|Any CPU
		{76D125B9-30B2-40C9-9656-112241E733A4}.Debug|Any CPU.Build.0 = Debug|Any CPU
		{76D125B9-30B2-40C9-9656-112241E733A4}.Release|Any CPU.ActiveCfg = Release|Any CPU
		{76D125B9-30B2-40C9-9656-112241E733A4}.Release|Any CPU.Build.0 = Release|Any CPU
		{CEC64BEC-BC8E-4994-9552-E0F10BE88A94}.Debug|Any CPU.ActiveCfg = Debug|Any CPU
		{CEC64BEC-BC8E-4994-9552-E0F10BE88A94}.Debug|Any CPU.Build.0 = Debug|Any CPU
		{CEC64BEC-BC8E-4994-9552-E0F10BE88A94}.Release|Any CPU.ActiveCfg = Release|Any CPU
		{CEC64BEC-BC8E-4994-9552-E0F10BE88A94}.Release|Any CPU.Build.0 = Release|Any CPU
		{069670B7-3388-4A6C-91BE-7CD40D96BDDF}.Debug|Any CPU.ActiveCfg = Debug|Any CPU
		{069670B7-3388-4A6C-91BE-7CD40D96BDDF}.Debug|Any CPU.Build.0 = Debug|Any CPU
		{069670B7-3388-4A6C-91BE-7CD40D96BDDF}.Release|Any CPU.ActiveCfg = Release|Any CPU
		{069670B7-3388-4A6C-91BE-7CD40D96BDDF}.Release|Any CPU.Build.0 = Release|Any CPU
		{31F8B66F-AAB6-42BE-B45D-718A58CCF8A7}.Debug|Any CPU.ActiveCfg = Debug|Any CPU
		{31F8B66F-AAB6-42BE-B45D-718A58CCF8A7}.Debug|Any CPU.Build.0 = Debug|Any CPU
		{31F8B66F-AAB6-42BE-B45D-718A58CCF8A7}.Release|Any CPU.ActiveCfg = Release|Any CPU
		{31F8B66F-AAB6-42BE-B45D-718A58CCF8A7}.Release|Any CPU.Build.0 = Release|Any CPU
		{6A92347E-26C9-440F-8C0E-853979DBDF21}.Debug|Any CPU.ActiveCfg = Debug|Any CPU
		{6A92347E-26C9-440F-8C0E-853979DBDF21}.Debug|Any CPU.Build.0 = Debug|Any CPU
		{6A92347E-26C9-440F-8C0E-853979DBDF21}.Release|Any CPU.ActiveCfg = Release|Any CPU
		{6A92347E-26C9-440F-8C0E-853979DBDF21}.Release|Any CPU.Build.0 = Release|Any CPU
		{B5AB8FA9-DB8A-4092-9F27-EE9FA1CF60BE}.Debug|Any CPU.ActiveCfg = Debug|Any CPU
		{B5AB8FA9-DB8A-4092-9F27-EE9FA1CF60BE}.Debug|Any CPU.Build.0 = Debug|Any CPU
		{B5AB8FA9-DB8A-4092-9F27-EE9FA1CF60BE}.Release|Any CPU.ActiveCfg = Release|Any CPU
		{B5AB8FA9-DB8A-4092-9F27-EE9FA1CF60BE}.Release|Any CPU.Build.0 = Release|Any CPU
		{C9FCA2FC-37D2-4B93-8A03-6B2587A877C5}.Debug|Any CPU.ActiveCfg = Debug|Any CPU
		{C9FCA2FC-37D2-4B93-8A03-6B2587A877C5}.Debug|Any CPU.Build.0 = Debug|Any CPU
		{C9FCA2FC-37D2-4B93-8A03-6B2587A877C5}.Release|Any CPU.ActiveCfg = Release|Any CPU
		{C9FCA2FC-37D2-4B93-8A03-6B2587A877C5}.Release|Any CPU.Build.0 = Release|Any CPU
	EndGlobalSection
	GlobalSection(SolutionProperties) = preSolution
		HideSolutionNode = FALSE
	EndGlobalSection
	GlobalSection(NestedProjects) = preSolution
		{106EB4C7-E092-4FDD-9A7D-6657DD2D682C} = {452EA49C-41E4-4142-BCAE-A06D03D0050D}
		{76D125B9-30B2-40C9-9656-112241E733A4} = {B54CAA32-9136-4BCF-8D3A-7D02F2308002}
		{CEC64BEC-BC8E-4994-9552-E0F10BE88A94} = {8C199471-4D1D-480E-9CE0-8C5F696EEB55}
		{069670B7-3388-4A6C-91BE-7CD40D96BDDF} = {8C199471-4D1D-480E-9CE0-8C5F696EEB55}
		{31F8B66F-AAB6-42BE-B45D-718A58CCF8A7} = {8C199471-4D1D-480E-9CE0-8C5F696EEB55}
		{6A92347E-26C9-440F-8C0E-853979DBDF21} = {EDBF2F5C-8DF4-4C58-A87B-726FF8350A06}
		{B5AB8FA9-DB8A-4092-9F27-EE9FA1CF60BE} = {EDBF2F5C-8DF4-4C58-A87B-726FF8350A06}
		{C9FCA2FC-37D2-4B93-8A03-6B2587A877C5} = {EDBF2F5C-8DF4-4C58-A87B-726FF8350A06}
	EndGlobalSection
	GlobalSection(ExtensibilityGlobals) = postSolution
		SolutionGuid = {8F246749-6345-42B9-BB68-0779D6C7D298}
	EndGlobalSection
EndGlobal
